// !$*UTF8*$!
{
	archiveVersion = 1;
	classes = {
	};
	objectVersion = 48;
	objects = {

/* Begin PBXBuildFile section */
		3C0351421FF4F024008B5181 /* AppDelegate.m in Sources */ = {isa = PBXBuildFile; fileRef = 3C0351411FF4F024008B5181 /* AppDelegate.m */; };
		3C0351451FF4F024008B5181 /* ViewController.m in Sources */ = {isa = PBXBuildFile; fileRef = 3C0351441FF4F024008B5181 /* ViewController.m */; };
		3C0351481FF4F024008B5181 /* Main.storyboard in Resources */ = {isa = PBXBuildFile; fileRef = 3C0351461FF4F024008B5181 /* Main.storyboard */; };
		3C03514A1FF4F024008B5181 /* Assets.xcassets in Resources */ = {isa = PBXBuildFile; fileRef = 3C0351491FF4F024008B5181 /* Assets.xcassets */; };
		3C03514D1FF4F024008B5181 /* LaunchScreen.storyboard in Resources */ = {isa = PBXBuildFile; fileRef = 3C03514B1FF4F024008B5181 /* LaunchScreen.storyboard */; };
		3C0351501FF4F024008B5181 /* main.m in Sources */ = {isa = PBXBuildFile; fileRef = 3C03514F1FF4F024008B5181 /* main.m */; };
		E87BF7F0D48192FB6DBB23E1 /* libPods-Test_useReactCocoa.a in Frameworks */ = {isa = PBXBuildFile; fileRef = 6D49D4EF52778655BC23A7AE /* libPods-Test_useReactCocoa.a */; };
/* End PBXBuildFile section */

/* Begin PBXFileReference section */
		09B94B606419F6D4C7749B43 /* Pods-Test_useReactCocoa.debug.xcconfig */ = {isa = PBXFileReference; includeInIndex = 1; lastKnownFileType = text.xcconfig; name = "Pods-Test_useReactCocoa.debug.xcconfig"; path = "Pods/Target Support Files/Pods-Test_useReactCocoa/Pods-Test_useReactCocoa.debug.xcconfig"; sourceTree = "<group>"; };
		3C03513D1FF4F024008B5181 /* Test_useReactCocoa.app */ = {isa = PBXFileReference; explicitFileType = wrapper.application; includeInIndex = 0; path = Test_useReactCocoa.app; sourceTree = BUILT_PRODUCTS_DIR; };
		3C0351401FF4F024008B5181 /* AppDelegate.h */ = {isa = PBXFileReference; lastKnownFileType = sourcecode.c.h; path = AppDelegate.h; sourceTree = "<group>"; };
		3C0351411FF4F024008B5181 /* AppDelegate.m */ = {isa = PBXFileReference; lastKnownFileType = sourcecode.c.objc; path = AppDelegate.m; sourceTree = "<group>"; };
		3C0351431FF4F024008B5181 /* ViewController.h */ = {isa = PBXFileReference; lastKnownFileType = sourcecode.c.h; path = ViewController.h; sourceTree = "<group>"; };
		3C0351441FF4F024008B5181 /* ViewController.m */ = {isa = PBXFileReference; lastKnownFileType = sourcecode.c.objc; path = ViewController.m; sourceTree = "<group>"; };
		3C0351471FF4F024008B5181 /* Base */ = {isa = PBXFileReference; lastKnownFileType = file.storyboard; name = Base; path = Base.lproj/Main.storyboard; sourceTree = "<group>"; };
		3C0351491FF4F024008B5181 /* Assets.xcassets */ = {isa = PBXFileReference; lastKnownFileType = folder.assetcatalog; path = Assets.xcassets; sourceTree = "<group>"; };
		3C03514C1FF4F024008B5181 /* Base */ = {isa = PBXFileReference; lastKnownFileType = file.storyboard; name = Base; path = Base.lproj/LaunchScreen.storyboard; sourceTree = "<group>"; };
		3C03514E1FF4F024008B5181 /* Info.plist */ = {isa = PBXFileReference; lastKnownFileType = text.plist.xml; path = Info.plist; sourceTree = "<group>"; };
		3C03514F1FF4F024008B5181 /* main.m */ = {isa = PBXFileReference; lastKnownFileType = sourcecode.c.objc; path = main.m; sourceTree = "<group>"; };
		5CC672C0DF0778933A35D9F9 /* Pods-Test_useReactCocoa.release.xcconfig */ = {isa = PBXFileReference; includeInIndex = 1; lastKnownFileType = text.xcconfig; name = "Pods-Test_useReactCocoa.release.xcconfig"; path = "Pods/Target Support Files/Pods-Test_useReactCocoa/Pods-Test_useReactCocoa.release.xcconfig"; sourceTree = "<group>"; };
		6D49D4EF52778655BC23A7AE /* libPods-Test_useReactCocoa.a */ = {isa = PBXFileReference; explicitFileType = archive.ar; includeInIndex = 0; path = "libPods-Test_useReactCocoa.a"; sourceTree = BUILT_PRODUCTS_DIR; };
/* End PBXFileReference section */

/* Begin PBXFrameworksBuildPhase section */
		3C03513A1FF4F024008B5181 /* Frameworks */ = {
			isa = PBXFrameworksBuildPhase;
			buildActionMask = 2147483647;
			files = (
				E87BF7F0D48192FB6DBB23E1 /* libPods-Test_useReactCocoa.a in Frameworks */,
			);
			runOnlyForDeploymentPostprocessing = 0;
		};
/* End PBXFrameworksBuildPhase section */

/* Begin PBXGroup section */
		3C0351341FF4F024008B5181 = {
			isa = PBXGroup;
			children = (
				3C03513F1FF4F024008B5181 /* Test_useReactCocoa */,
				3C03513E1FF4F024008B5181 /* Products */,
				6457D4D88E6D43A8EDA63151 /* Pods */,
				4FED2791C48BCCC4749E76DF /* Frameworks */,
			);
			sourceTree = "<group>";
		};
		3C03513E1FF4F024008B5181 /* Products */ = {
			isa = PBXGroup;
			children = (
				3C03513D1FF4F024008B5181 /* Test_useReactCocoa.app */,
			);
			name = Products;
			sourceTree = "<group>";
		};
		3C03513F1FF4F024008B5181 /* Test_useReactCocoa */ = {
			isa = PBXGroup;
			children = (
				3C0351401FF4F024008B5181 /* AppDelegate.h */,
				3C0351411FF4F024008B5181 /* AppDelegate.m */,
				3C0351431FF4F024008B5181 /* ViewController.h */,
				3C0351441FF4F024008B5181 /* ViewController.m */,
				3C0351461FF4F024008B5181 /* Main.storyboard */,
				3C0351491FF4F024008B5181 /* Assets.xcassets */,
				3C03514B1FF4F024008B5181 /* LaunchScreen.storyboard */,
				3C03514E1FF4F024008B5181 /* Info.plist */,
				3C03514F1FF4F024008B5181 /* main.m */,
			);
			path = Test_useReactCocoa;
			sourceTree = "<group>";
		};
		4FED2791C48BCCC4749E76DF /* Frameworks */ = {
			isa = PBXGroup;
			children = (
				6D49D4EF52778655BC23A7AE /* libPods-Test_useReactCocoa.a */,
			);
			name = Frameworks;
			sourceTree = "<group>";
		};
		6457D4D88E6D43A8EDA63151 /* Pods */ = {
			isa = PBXGroup;
			children = (
				09B94B606419F6D4C7749B43 /* Pods-Test_useReactCocoa.debug.xcconfig */,
				5CC672C0DF0778933A35D9F9 /* Pods-Test_useReactCocoa.release.xcconfig */,
			);
			name = Pods;
			sourceTree = "<group>";
		};
/* End PBXGroup section */

/* Begin PBXNativeTarget section */
		3C03513C1FF4F024008B5181 /* Test_useReactCocoa */ = {
			isa = PBXNativeTarget;
			buildConfigurationList = 3C0351531FF4F024008B5181 /* Build configuration list for PBXNativeTarget "Test_useReactCocoa" */;
			buildPhases = (
				9750D3C6FC4B4F1CF3C897F1 /* [CP] Check Pods Manifest.lock */,
				3C0351391FF4F024008B5181 /* Sources */,
				3C03513A1FF4F024008B5181 /* Frameworks */,
				3C03513B1FF4F024008B5181 /* Resources */,
				2A87ABC4355257E82A4EE4F3 /* [CP] Embed Pods Frameworks */,
				E0071A4CDF4B698D9295AE0D /* [CP] Copy Pods Resources */,
			);
			buildRules = (
			);
			dependencies = (
			);
			name = Test_useReactCocoa;
			productName = Test_useReactCocoa;
			productReference = 3C03513D1FF4F024008B5181 /* Test_useReactCocoa.app */;
			productType = "com.apple.product-type.application";
		};
/* End PBXNativeTarget section */

/* Begin PBXProject section */
		3C0351351FF4F024008B5181 /* Project object */ = {
			isa = PBXProject;
			attributes = {
				LastUpgradeCheck = 0920;
				ORGANIZATIONNAME = "罗富中";
				TargetAttributes = {
					3C03513C1FF4F024008B5181 = {
						CreatedOnToolsVersion = 9.2;
						ProvisioningStyle = Automatic;
					};
				};
			};
			buildConfigurationList = 3C0351381FF4F024008B5181 /* Build configuration list for PBXProject "Test_useReactCocoa" */;
			compatibilityVersion = "Xcode 8.0";
			developmentRegion = en;
			hasScannedForEncodings = 0;
			knownRegions = (
				en,
				Base,
			);
			mainGroup = 3C0351341FF4F024008B5181;
			productRefGroup = 3C03513E1FF4F024008B5181 /* Products */;
			projectDirPath = "";
			projectRoot = "";
			targets = (
				3C03513C1FF4F024008B5181 /* Test_useReactCocoa */,
			);
		};
/* End PBXProject section */

/* Begin PBXResourcesBuildPhase section */
		3C03513B1FF4F024008B5181 /* Resources */ = {
			isa = PBXResourcesBuildPhase;
			buildActionMask = 2147483647;
			files = (
				3C03514D1FF4F024008B5181 /* LaunchScreen.storyboard in Resources */,
				3C03514A1FF4F024008B5181 /* Assets.xcassets in Resources */,
				3C0351481FF4F024008B5181 /* Main.storyboard in Resources */,
			);
			runOnlyForDeploymentPostprocessing = 0;
		};
/* End PBXResourcesBuildPhase section */

/* Begin PBXShellScriptBuildPhase section */
		2A87ABC4355257E82A4EE4F3 /* [CP] Embed Pods Frameworks */ = {
			isa = PBXShellScriptBuildPhase;
			buildActionMask = 2147483647;
			files = (
			);
			inputPaths = (
				"${SRCROOT}/Pods/Target Support Files/Pods-Test_useReactCocoa/Pods-Test_useReactCocoa-frameworks.sh",
				"${BUILT_PRODUCTS_DIR}/ReactiveCocoa/ReactiveCocoa.framework",
				"${BUILT_PRODUCTS_DIR}/ReactiveSwift/ReactiveSwift.framework",
				"${BUILT_PRODUCTS_DIR}/Result/Result.framework",
			);
			name = "[CP] Embed Pods Frameworks";
			outputPaths = (
				"${TARGET_BUILD_DIR}/${FRAMEWORKS_FOLDER_PATH}/ReactiveCocoa.framework",
				"${TARGET_BUILD_DIR}/${FRAMEWORKS_FOLDER_PATH}/ReactiveSwift.framework",
				"${TARGET_BUILD_DIR}/${FRAMEWORKS_FOLDER_PATH}/Result.framework",
			);
			runOnlyForDeploymentPostprocessing = 0;
			shellPath = /bin/sh;
			shellScript = "\"${SRCROOT}/Pods/Target Support Files/Pods-Test_useReactCocoa/Pods-Test_useReactCocoa-frameworks.sh\"\n";
			showEnvVarsInLog = 0;
		};
		9750D3C6FC4B4F1CF3C897F1 /* [CP] Check Pods Manifest.lock */ = {
			isa = PBXShellScriptBuildPhase;
			buildActionMask = 2147483647;
			files = (
			);
			inputPaths = (
				"${PODS_PODFILE_DIR_PATH}/Podfile.lock",
				"${PODS_ROOT}/Manifest.lock",
			);
			name = "[CP] Check Pods Manifest.lock";
			outputPaths = (
				"$(DERIVED_FILE_DIR)/Pods-Test_useReactCocoa-checkManifestLockResult.txt",
			);
			runOnlyForDeploymentPostprocessing = 0;
			shellPath = /bin/sh;
			shellScript = "diff \"${PODS_PODFILE_DIR_PATH}/Podfile.lock\" \"${PODS_ROOT}/Manifest.lock\" > /dev/null\nif [ $? != 0 ] ; then\n    # print error to STDERR\n    echo \"error: The sandbox is not in sync with the Podfile.lock. Run 'pod install' or update your CocoaPods installation.\" >&2\n    exit 1\nfi\n# This output is used by Xcode 'outputs' to avoid re-running this script phase.\necho \"SUCCESS\" > \"${SCRIPT_OUTPUT_FILE_0}\"\n";
			showEnvVarsInLog = 0;
		};
		E0071A4CDF4B698D9295AE0D /* [CP] Copy Pods Resources */ = {
			isa = PBXShellScriptBuildPhase;
			buildActionMask = 2147483647;
			files = (
			);
			inputPaths = (
			);
			name = "[CP] Copy Pods Resources";
			outputPaths = (
			);
			runOnlyForDeploymentPostprocessing = 0;
			shellPath = /bin/sh;
			shellScript = "\"${SRCROOT}/Pods/Target Support Files/Pods-Test_useReactCocoa/Pods-Test_useReactCocoa-resources.sh\"\n";
			showEnvVarsInLog = 0;
		};
/* End PBXShellScriptBuildPhase section */

/* Begin PBXSourcesBuildPhase section */
		3C0351391FF4F024008B5181 /* Sources */ = {
			isa = PBXSourcesBuildPhase;
			buildActionMask = 2147483647;
			files = (
				3C0351451FF4F024008B5181 /* ViewController.m in Sources */,
				3C0351501FF4F024008B5181 /* main.m in Sources */,
				3C0351421FF4F024008B5181 /* AppDelegate.m in Sources */,
			);
			runOnlyForDeploymentPostprocessing = 0;
		};
/* End PBXSourcesBuildPhase section */

/* Begin PBXVariantGroup section */
		3C0351461FF4F024008B5181 /* Main.storyboard */ = {
			isa = PBXVariantGroup;
			children = (
				3C0351471FF4F024008B5181 /* Base */,
			);
			name = Main.storyboard;
			sourceTree = "<group>";
		};
		3C03514B1FF4F024008B5181 /* LaunchScreen.storyboard */ = {
			isa = PBXVariantGroup;
			children = (
				3C03514C1FF4F024008B5181 /* Base */,
			);
			name = LaunchScreen.storyboard;
			sourceTree = "<group>";
		};
/* End PBXVariantGroup section */

/* Begin XCBuildConfiguration section */
		3C0351511FF4F024008B5181 /* Debug */ = {
			isa = XCBuildConfiguration;
			buildSettings = {
				ALWAYS_SEARCH_USER_PATHS = NO;
				CLANG_ANALYZER_NONNULL = YES;
				CLANG_ANALYZER_NUMBER_OBJECT_CONVERSION = YES_AGGRESSIVE;
				CLANG_CXX_LANGUAGE_STANDARD = "gnu++14";
				CLANG_CXX_LIBRARY = "libc++";
				CLANG_ENABLE_MODULES = YES;
				CLANG_ENABLE_OBJC_ARC = YES;
				CLANG_WARN_BLOCK_CAPTURE_AUTORELEASING = YES;
				CLANG_WARN_BOOL_CONVERSION = YES;
				CLANG_WARN_COMMA = YES;
				CLANG_WARN_CONSTANT_CONVERSION = YES;
				CLANG_WARN_DIRECT_OBJC_ISA_USAGE = YES_ERROR;
				CLANG_WARN_DOCUMENTATION_COMMENTS = YES;
				CLANG_WARN_EMPTY_BODY = YES;
				CLANG_WARN_ENUM_CONVERSION = YES;
				CLANG_WARN_INFINITE_RECURSION = YES;
				CLANG_WARN_INT_CONVERSION = YES;
				CLANG_WARN_NON_LITERAL_NULL_CONVERSION = YES;
				CLANG_WARN_OBJC_LITERAL_CONVERSION = YES;
				CLANG_WARN_OBJC_ROOT_CLASS = YES_ERROR;
				CLANG_WARN_RANGE_LOOP_ANALYSIS = YES;
				CLANG_WARN_STRICT_PROTOTYPES = YES;
				CLANG_WARN_SUSPICIOUS_MOVE = YES;
				CLANG_WARN_UNGUARDED_AVAILABILITY = YES_AGGRESSIVE;
				CLANG_WARN_UNREACHABLE_CODE = YES;
				CLANG_WARN__DUPLICATE_METHOD_MATCH = YES;
				CODE_SIGN_IDENTITY = "iPhone Developer";
				COPY_PHASE_STRIP = NO;
				DEBUG_INFORMATION_FORMAT = dwarf;
				ENABLE_STRICT_OBJC_MSGSEND = YES;
				ENABLE_TESTABILITY = YES;
				GCC_C_LANGUAGE_STANDARD = gnu11;
				GCC_DYNAMIC_NO_PIC = NO;
				GCC_NO_COMMON_BLOCKS = YES;
				GCC_OPTIMIZATION_LEVEL = 0;
				GCC_PREPROCESSOR_DEFINITIONS = (
					"DEBUG=1",
					"$(inherited)",
				);
				GCC_WARN_64_TO_32_BIT_CONVERSION = YES;
				GCC_WARN_ABOUT_RETURN_TYPE = YES_ERROR;
				GCC_WARN_UNDECLARED_SELECTOR = YES;
				GCC_WARN_UNINITIALIZED_AUTOS = YES_AGGRESSIVE;
				GCC_WARN_UNUSED_FUNCTION = YES;
				GCC_WARN_UNUSED_VARIABLE = YES;
				IPHONEOS_DEPLOYMENT_TARGET = 11.2;
				MTL_ENABLE_DEBUG_INFO = YES;
				ONLY_ACTIVE_ARCH = YES;
				SDKROOT = iphoneos;
			};
			name = Debug;
		};
		3C0351521FF4F024008B5181 /* Release */ = {
			isa = XCBuildConfiguration;
			buildSettings = {
				ALWAYS_SEARCH_USER_PATHS = NO;
				CLANG_ANALYZER_NONNULL = YES;
				CLANG_ANALYZER_NUMBER_OBJECT_CONVERSION = YES_AGGRESSIVE;
				CLANG_CXX_LANGUAGE_STANDARD = "gnu++14";
				CLANG_CXX_LIBRARY = "libc++";
				CLANG_ENABLE_MODULES = YES;
				CLANG_ENABLE_OBJC_ARC = YES;
				CLANG_WARN_BLOCK_CAPTURE_AUTORELEASING = YES;
				CLANG_WARN_BOOL_CONVERSION = YES;
				CLANG_WARN_COMMA = YES;
				CLANG_WARN_CONSTANT_CONVERSION = YES;
				CLANG_WARN_DIRECT_OBJC_ISA_USAGE = YES_ERROR;
				CLANG_WARN_DOCUMENTATION_COMMENTS = YES;
				CLANG_WARN_EMPTY_BODY = YES;
				CLANG_WARN_ENUM_CONVERSION = YES;
				CLANG_WARN_INFINITE_RECURSION = YES;
				CLANG_WARN_INT_CONVERSION = YES;
				CLANG_WARN_NON_LITERAL_NULL_CONVERSION = YES;
				CLANG_WARN_OBJC_LITERAL_CONVERSION = YES;
				CLANG_WARN_OBJC_ROOT_CLASS = YES_ERROR;
				CLANG_WARN_RANGE_LOOP_ANALYSIS = YES;
				CLANG_WARN_STRICT_PROTOTYPES = YES;
				CLANG_WARN_SUSPICIOUS_MOVE = YES;
				CLANG_WARN_UNGUARDED_AVAILABILITY = YES_AGGRESSIVE;
				CLANG_WARN_UNREACHABLE_CODE = YES;
				CLANG_WARN__DUPLICATE_METHOD_MATCH = YES;
				CODE_SIGN_IDENTITY = "iPhone Developer";
				COPY_PHASE_STRIP = NO;
				DEBUG_INFORMATION_FORMAT = "dwarf-with-dsym";
				ENABLE_NS_ASSERTIONS = NO;
				ENABLE_STRICT_OBJC_MSGSEND = YES;
				GCC_C_LANGUAGE_STANDARD = gnu11;
				GCC_NO_COMMON_BLOCKS = YES;
				GCC_WARN_64_TO_32_BIT_CONVERSION = YES;
				GCC_WARN_ABOUT_RETURN_TYPE = YES_ERROR;
				GCC_WARN_UNDECLARED_SELECTOR = YES;
				GCC_WARN_UNINITIALIZED_AUTOS = YES_AGGRESSIVE;
				GCC_WARN_UNUSED_FUNCTION = YES;
				GCC_WARN_UNUSED_VARIABLE = YES;
				IPHONEOS_DEPLOYMENT_TARGET = 11.2;
				MTL_ENABLE_DEBUG_INFO = NO;
				SDKROOT = iphoneos;
				VALIDATE_PRODUCT = YES;
			};
			name = Release;
		};
		3C0351541FF4F024008B5181 /* Debug */ = {
			isa = XCBuildConfiguration;
			baseConfigurationReference = 09B94B606419F6D4C7749B43 /* Pods-Test_useReactCocoa.debug.xcconfig */;
			buildSettings = {
				ASSETCATALOG_COMPILER_APPICON_NAME = AppIcon;
				CODE_SIGN_STYLE = Automatic;
				DEVELOPMENT_TEAM = D7X74D2YD8;
				INFOPLIST_FILE = Test_useReactCocoa/Info.plist;
				LD_RUNPATH_SEARCH_PATHS = "$(inherited) @executable_path/Frameworks";
				PRODUCT_BUNDLE_IDENTIFIER = "com.yixiad.Test-useReactCocoa";
				PRODUCT_NAME = "$(TARGET_NAME)";
				TARGETED_DEVICE_FAMILY = "1,2";
			};
			name = Debug;
		};
		3C0351551FF4F024008B5181 /* Release */ = {
			isa = XCBuildConfiguration;
			baseConfigurationReference = 5CC672C0DF0778933A35D9F9 /* Pods-Test_useReactCocoa.release.xcconfig */;
			buildSettings = {
				ASSETCATALOG_COMPILER_APPICON_NAME = AppIcon;
				CODE_SIGN_STYLE = Automatic;
				DEVELOPMENT_TEAM = D7X74D2YD8;
				INFOPLIST_FILE = Test_useReactCocoa/Info.plist;
				LD_RUNPATH_SEARCH_PATHS = "$(inherited) @executable_path/Frameworks";
				PRODUCT_BUNDLE_IDENTIFIER = "com.yixiad.Test-useReactCocoa";
				PRODUCT_NAME = "$(TARGET_NAME)";
				TARGETED_DEVICE_FAMILY = "1,2";
			};
			name = Release;
		};
/* End XCBuildConfiguration section */

/* Begin XCConfigurationList section */
		3C0351381FF4F024008B5181 /* Build configuration list for PBXProject "Test_useReactCocoa" */ = {
			isa = XCConfigurationList;
			buildConfigurations = (
				3C0351511FF4F024008B5181 /* Debug */,
				3C0351521FF4F024008B5181 /* Release */,
			);
			defaultConfigurationIsVisible = 0;
			defaultConfigurationName = Release;
		};
		3C0351531FF4F024008B5181 /* Build configuration list for PBXNativeTarget "Test_useReactCocoa" */ = {
			isa = XCConfigurationList;
			buildConfigurations = (
				3C0351541FF4F024008B5181 /* Debug */,
				3C0351551FF4F024008B5181 /* Release */,
			);
			defaultConfigurationIsVisible = 0;
			defaultConfigurationName = Release;
		};
/* End XCConfigurationList section */
	};
	rootObject = 3C0351351FF4F024008B5181 /* Project object */;
}
